{
  "version": 4,
  "terraform_version": "0.14.5",
  "serial": 17,
  "lineage": "d7ce1dbb-6136-654c-d1e2-5ee37cc9a6c2",
  "outputs": {},
  "resources": [
    {
      "mode": "managed",
      "type": "aws_vpc",
      "name": "my_first_vpc",
      "provider": "provider[\"registry.terraform.io/hashicorp/aws\"]",
      "instances": [
        {
          "schema_version": 1,
          "attributes": {
            "arn": "arn:aws:ec2:us-west-2:197177651752:vpc/vpc-07c500ef46f71f5e9",
            "assign_generated_ipv6_cidr_block": false,
            "cidr_block": "10.0.0.0/16",
            "default_network_acl_id": "acl-06fc40a140e459444",
            "default_route_table_id": "rtb-0c2aeb5e3d5a93705",
            "default_security_group_id": "sg-00a9c88da2492e9cb",
            "dhcp_options_id": "dopt-c180d7b9",
            "enable_classiclink": false,
            "enable_classiclink_dns_support": false,
            "enable_dns_hostnames": false,
            "enable_dns_support": true,
            "id": "vpc-07c500ef46f71f5e9",
            "instance_tenancy": "default",
            "ipv6_association_id": "",
            "ipv6_cidr_block": "",
            "main_route_table_id": "rtb-0c2aeb5e3d5a93705",
            "owner_id": "197177651752",
            "tags": {
              "Name": "first-vpc"
            }
          },
          "sensitive_attributes": [],
          "private": "eyJzY2hlbWFfdmVyc2lvbiI6IjEifQ=="
        }
      ]
    }
  ]
}
